<?xml version="1.0" encoding="UTF-8" standalone="yes" ?>
<CodeBlocks_project_file>
	<FileVersion major="1" minor="6" />
	<Project>
		<Option title="Saint-Seiya" />
		<Option pch_mode="2" />
		<Option compiler="gcc" />
		<Build>
			<Target title="Debug">
				<Option output="bin/Debug/DragonBall-C_Game" prefix_auto="1" extension_auto="1" />
				<Option object_output="obj/Debug/" />
				<Option type="1" />
				<Option compiler="gcc" />
				<Compiler>
					<Add option="-g" />
				</Compiler>
			</Target>
			<Target title="Release">
				<Option output="bin/Release/DragonBall-C_Game" prefix_auto="1" extension_auto="1" />
				<Option object_output="obj/Release/" />
				<Option type="1" />
				<Option compiler="gcc" />
				<Compiler>
					<Add option="-O2" />
				</Compiler>
				<Linker>
					<Add option="-s" />
				</Linker>
			</Target>
		</Build>
		<Compiler>
			<Add option="-Wall" />
		</Compiler>
		<Unit filename="Texto-historia/0_intro_saga_santuario.txt" />
		<Unit filename="Texto-historia/10_Casa_Capricornio.txt" />
		<Unit filename="Texto-historia/11_Casa_Acuario.txt" />
		<Unit filename="Texto-historia/12_Casa_Piscis.txt" />
		<Unit filename="Texto-historia/13_BatallaFinal.txt" />
		<Unit filename="Texto-historia/1_casa_aries.txt" />
		<Unit filename="Texto-historia/2_casa_tauro.txt" />
		<Unit filename="Texto-historia/3_Casa_Geminis.txt" />
		<Unit filename="Texto-historia/4_Casa_Cancer.txt" />
		<Unit filename="Texto-historia/5_Casa_Leo.txt" />
		<Unit filename="Texto-historia/6_Casa_virgo.txt" />
		<Unit filename="Texto-historia/7_Casa_libra.txt" />
		<Unit filename="Texto-historia/8_Casa_escorpio.txt" />
		<Unit filename="Texto-historia/9_Casa_Sagitario.txt" />
		<Unit filename="Textos batallas/Batalla Final.txt" />
		<Unit filename="Textos batallas/Batalla casa Acuario.txt" />
		<Unit filename="Textos batallas/Batalla casa Aries.txt" />
		<Unit filename="Textos batallas/Batalla casa Cancer.txt" />
		<Unit filename="Textos batallas/Batalla casa Capricornio.txt" />
		<Unit filename="Textos batallas/Batalla casa Escorpio.txt" />
		<Unit filename="Textos batallas/Batalla casa Geminis.txt" />
		<Unit filename="Textos batallas/Batalla casa Leo.txt" />
		<Unit filename="Textos batallas/Batalla casa Libra.txt" />
		<Unit filename="Textos batallas/Batalla casa Piscis.txt" />
		<Unit filename="Textos batallas/Batalla casa Sagitario.txt" />
		<Unit filename="Textos batallas/Batalla casa Tauro.txt" />
		<Unit filename="Textos batallas/Batalla de Virgo.txt" />
		<Unit filename="Textos batallas/Habilidades personajes.txt" />
		<Unit filename="Textos batallas/Resumen inicial.txt" />
		<Unit filename="Textos batallas/STATS INICIALES.txt" />
		<Unit filename="enemigos_santuario.bin" />
		<Unit filename="funciones.c">
			<Option compilerVar="CC" />
		</Unit>
		<Unit filename="header.h" />
		<Unit filename="main.c">
			<Option compilerVar="CC" />
		</Unit>
		<Unit filename="protagonistas_saga.bin" />
		<Extensions />
	</Project>
</CodeBlocks_project_file>
